
Microsoft Visual Studio Solution File, Format Version 12.00
# Visual Studio Version 17
VisualStudioVersion = 17.9.34622.214
MinimumVisualStudioVersion = 10.0.40219.1
Project("{FAE04EC0-301F-11D3-BF4B-00C04F79EFBC}") = "Kla.NumberToWord.Api", "src\Kla.NumberToWord.Api\Kla.NumberToWord.Api.csproj", "{42917AB6-B1FF-48CF-9768-1061D6AD5034}"
EndProject
Project("{FAE04EC0-301F-11D3-BF4B-00C04F79EFBC}") = "Kla.NumberToWord.Application", "src\Kla.NumberToWord.Application\Kla.NumberToWord.Application.csproj", "{0AD1A61B-B7CC-4331-A06E-8C6C67F107BA}"
EndProject
Project("{FAE04EC0-301F-11D3-BF4B-00C04F79EFBC}") = "Kla.NumberToWord.Core", "src\Kla.NumberToWord.Core\Kla.NumberToWord.Core.csproj", "{6640C4E2-FCF2-48B1-B5EB-83BB7E8084E3}"
EndProject
Project("{2150E333-8FDC-42A3-9474-1A3956D46DE8}") = "src", "src", "{07803D16-0EF7-4056-B238-3655FE1AC877}"
EndProject
Project("{2150E333-8FDC-42A3-9474-1A3956D46DE8}") = "tests", "tests", "{F48273BE-256D-4313-B867-7BC0BEEB4627}"
EndProject
Project("{FAE04EC0-301F-11D3-BF4B-00C04F79EFBC}") = "Kla.NumberToWord.Core.UnitTests", "tests\Kla.NumberToWord.Core.UnitTests\Kla.NumberToWord.Core.UnitTests.csproj", "{E0687149-301B-4FFD-B3A7-38A336E193C0}"
EndProject
Global
	GlobalSection(SolutionConfigurationPlatforms) = preSolution
		Debug|Any CPU = Debug|Any CPU
		Release|Any CPU = Release|Any CPU
	EndGlobalSection
	GlobalSection(ProjectConfigurationPlatforms) = postSolution
		{42917AB6-B1FF-48CF-9768-1061D6AD5034}.Debug|Any CPU.ActiveCfg = Debug|Any CPU
		{42917AB6-B1FF-48CF-9768-1061D6AD5034}.Debug|Any CPU.Build.0 = Debug|Any CPU
		{42917AB6-B1FF-48CF-9768-1061D6AD5034}.Release|Any CPU.ActiveCfg = Release|Any CPU
		{42917AB6-B1FF-48CF-9768-1061D6AD5034}.Release|Any CPU.Build.0 = Release|Any CPU
		{0AD1A61B-B7CC-4331-A06E-8C6C67F107BA}.Debug|Any CPU.ActiveCfg = Debug|Any CPU
		{0AD1A61B-B7CC-4331-A06E-8C6C67F107BA}.Debug|Any CPU.Build.0 = Debug|Any CPU
		{0AD1A61B-B7CC-4331-A06E-8C6C67F107BA}.Release|Any CPU.ActiveCfg = Release|Any CPU
		{0AD1A61B-B7CC-4331-A06E-8C6C67F107BA}.Release|Any CPU.Build.0 = Release|Any CPU
		{6640C4E2-FCF2-48B1-B5EB-83BB7E8084E3}.Debug|Any CPU.ActiveCfg = Debug|Any CPU
		{6640C4E2-FCF2-48B1-B5EB-83BB7E8084E3}.Debug|Any CPU.Build.0 = Debug|Any CPU
		{6640C4E2-FCF2-48B1-B5EB-83BB7E8084E3}.Release|Any CPU.ActiveCfg = Release|Any CPU
		{6640C4E2-FCF2-48B1-B5EB-83BB7E8084E3}.Release|Any CPU.Build.0 = Release|Any CPU
		{E0687149-301B-4FFD-B3A7-38A336E193C0}.Debug|Any CPU.ActiveCfg = Debug|Any CPU
		{E0687149-301B-4FFD-B3A7-38A336E193C0}.Debug|Any CPU.Build.0 = Debug|Any CPU
		{E0687149-301B-4FFD-B3A7-38A336E193C0}.Release|Any CPU.ActiveCfg = Release|Any CPU
		{E0687149-301B-4FFD-B3A7-38A336E193C0}.Release|Any CPU.Build.0 = Release|Any CPU
	EndGlobalSection
	GlobalSection(SolutionProperties) = preSolution
		HideSolutionNode = FALSE
	EndGlobalSection
	GlobalSection(NestedProjects) = preSolution
		{42917AB6-B1FF-48CF-9768-1061D6AD5034} = {07803D16-0EF7-4056-B238-3655FE1AC877}
		{0AD1A61B-B7CC-4331-A06E-8C6C67F107BA} = {07803D16-0EF7-4056-B238-3655FE1AC877}
		{6640C4E2-FCF2-48B1-B5EB-83BB7E8084E3} = {07803D16-0EF7-4056-B238-3655FE1AC877}
		{E0687149-301B-4FFD-B3A7-38A336E193C0} = {F48273BE-256D-4313-B867-7BC0BEEB4627}
	EndGlobalSection
	GlobalSection(ExtensibilityGlobals) = postSolution
		SolutionGuid = {B34FFEE3-F328-470E-9F79-90695A744B4F}
	EndGlobalSection
EndGlobal
